github.com/pivotal-cf-experimental/garden	0786bb28c6d91ddeddb15cf333234e64915559d5
github.com/cloudfoundry-incubator/runtime-schema	166bb5d2a9f469c84510d23e8615b2c56ef08a95
github.com/onsi/ginkgo	c6d536e4cd9a6081767209fed9807811949a4033
github.com/onsi/gomega	d7685fbd45fb7bef327b43ca2781368c68bf72b7
github.com/cloudfoundry/storeadapter	bf8788eab3f955b8ad3e127b319c1634fb4988e4
github.com/vito/cmdtest	4b86f8c2259c55e86e4b971cd7dc5dfb03e41b80
